
Microsoft Visual Studio Solution File, Format Version 12.00
# Visual Studio Version 17
VisualStudioVersion = 17.9.34622.214
MinimumVisualStudioVersion = 10.0.40219.1
Project("{FAE04EC0-301F-11D3-BF4B-00C04F79EFBC}") = "GerarAssertion", "GerarAssertion\GerarAssertion.csproj", "{BA73F772-C8A3-40BC-9690-79B063FC4289}"
EndProject
Global
	GlobalSection(SolutionConfigurationPlatforms) = preSolution
		Debug|Any CPU = Debug|Any CPU
		Release|Any CPU = Release|Any CPU
	EndGlobalSection
	GlobalSection(ProjectConfigurationPlatforms) = postSolution
		{BA73F772-C8A3-40BC-9690-79B063FC4289}.Debug|Any CPU.ActiveCfg = Debug|Any CPU
		{BA73F772-C8A3-40BC-9690-79B063FC4289}.Debug|Any CPU.Build.0 = Debug|Any CPU
		{BA73F772-C8A3-40BC-9690-79B063FC4289}.Release|Any CPU.ActiveCfg = Release|Any CPU
		{BA73F772-C8A3-40BC-9690-79B063FC4289}.Release|Any CPU.Build.0 = Release|Any CPU
	EndGlobalSection
	GlobalSection(SolutionProperties) = preSolution
		HideSolutionNode = FALSE
	EndGlobalSection
	GlobalSection(ExtensibilityGlobals) = postSolution
		SolutionGuid = {32C25505-9232-4127-AC90-742B5FA3FCA1}
	EndGlobalSection
EndGlobal
